// !$*UTF8*$!
{
	archiveVersion = 1;
	classes = {
	};
	objectVersion = 48;
	objects = {

/* Begin PBXBuildFile section */
		3B476DD41F8B58BC00308426 /* AppDelegate.m in Sources */ = {isa = PBXBuildFile; fileRef = 3B476DD31F8B58BC00308426 /* AppDelegate.m */; };
		3B476DD61F8B58BC00308426 /* art.scnassets in Resources */ = {isa = PBXBuildFile; fileRef = 3B476DD51F8B58BC00308426 /* art.scnassets */; };
		3B476DD91F8B58BC00308426 /* ViewController.m in Sources */ = {isa = PBXBuildFile; fileRef = 3B476DD81F8B58BC00308426 /* ViewController.m */; };
		3B476DDC1F8B58BC00308426 /* Main.storyboard in Resources */ = {isa = PBXBuildFile; fileRef = 3B476DDA1F8B58BC00308426 /* Main.storyboard */; };
		3B476DDE1F8B58BC00308426 /* Assets.xcassets in Resources */ = {isa = PBXBuildFile; fileRef = 3B476DDD1F8B58BC00308426 /* Assets.xcassets */; };
		3B476DE11F8B58BC00308426 /* LaunchScreen.storyboard in Resources */ = {isa = PBXBuildFile; fileRef = 3B476DDF1F8B58BC00308426 /* LaunchScreen.storyboard */; };
		3B476DE41F8B58BC00308426 /* main.m in Sources */ = {isa = PBXBuildFile; fileRef = 3B476DE31F8B58BC00308426 /* main.m */; };
		3B476DEE1F8B58BC00308426 /* ARTrafficTests.m in Sources */ = {isa = PBXBuildFile; fileRef = 3B476DED1F8B58BC00308426 /* ARTrafficTests.m */; };
		3B476DF91F8B58BC00308426 /* ARTrafficUITests.m in Sources */ = {isa = PBXBuildFile; fileRef = 3B476DF81F8B58BC00308426 /* ARTrafficUITests.m */; };
/* End PBXBuildFile section */

/* Begin PBXContainerItemProxy section */
		3B476DEA1F8B58BC00308426 /* PBXContainerItemProxy */ = {
			isa = PBXContainerItemProxy;
			containerPortal = 3B476DC71F8B58BC00308426 /* Project object */;
			proxyType = 1;
			remoteGlobalIDString = 3B476DCE1F8B58BC00308426;
			remoteInfo = ARTraffic;
		};
		3B476DF51F8B58BC00308426 /* PBXContainerItemProxy */ = {
			isa = PBXContainerItemProxy;
			containerPortal = 3B476DC71F8B58BC00308426 /* Project object */;
			proxyType = 1;
			remoteGlobalIDString = 3B476DCE1F8B58BC00308426;
			remoteInfo = ARTraffic;
		};
/* End PBXContainerItemProxy section */

/* Begin PBXFileReference section */
		3B476DCF1F8B58BC00308426 /* ARTraffic.app */ = {isa = PBXFileReference; explicitFileType = wrapper.application; includeInIndex = 0; path = ARTraffic.app; sourceTree = BUILT_PRODUCTS_DIR; };
		3B476DD21F8B58BC00308426 /* AppDelegate.h */ = {isa = PBXFileReference; lastKnownFileType = sourcecode.c.h; path = AppDelegate.h; sourceTree = "<group>"; };
		3B476DD31F8B58BC00308426 /* AppDelegate.m */ = {isa = PBXFileReference; lastKnownFileType = sourcecode.c.objc; path = AppDelegate.m; sourceTree = "<group>"; };
		3B476DD51F8B58BC00308426 /* art.scnassets */ = {isa = PBXFileReference; lastKnownFileType = wrapper.scnassets; path = art.scnassets; sourceTree = "<group>"; };
		3B476DD71F8B58BC00308426 /* ViewController.h */ = {isa = PBXFileReference; lastKnownFileType = sourcecode.c.h; path = ViewController.h; sourceTree = "<group>"; };
		3B476DD81F8B58BC00308426 /* ViewController.m */ = {isa = PBXFileReference; lastKnownFileType = sourcecode.c.objc; path = ViewController.m; sourceTree = "<group>"; };
		3B476DDB1F8B58BC00308426 /* Base */ = {isa = PBXFileReference; lastKnownFileType = file.storyboard; name = Base; path = Base.lproj/Main.storyboard; sourceTree = "<group>"; };
		3B476DDD1F8B58BC00308426 /* Assets.xcassets */ = {isa = PBXFileReference; lastKnownFileType = folder.assetcatalog; path = Assets.xcassets; sourceTree = "<group>"; };
		3B476DE01F8B58BC00308426 /* Base */ = {isa = PBXFileReference; lastKnownFileType = file.storyboard; name = Base; path = Base.lproj/LaunchScreen.storyboard; sourceTree = "<group>"; };
		3B476DE21F8B58BC00308426 /* Info.plist */ = {isa = PBXFileReference; lastKnownFileType = text.plist.xml; path = Info.plist; sourceTree = "<group>"; };
		3B476DE31F8B58BC00308426 /* main.m */ = {isa = PBXFileReference; lastKnownFileType = sourcecode.c.objc; path = main.m; sourceTree = "<group>"; };
		3B476DE91F8B58BC00308426 /* ARTrafficTests.xctest */ = {isa = PBXFileReference; explicitFileType = wrapper.cfbundle; includeInIndex = 0; path = ARTrafficTests.xctest; sourceTree = BUILT_PRODUCTS_DIR; };
		3B476DED1F8B58BC00308426 /* ARTrafficTests.m */ = {isa = PBXFileReference; lastKnownFileType = sourcecode.c.objc; path = ARTrafficTests.m; sourceTree = "<group>"; };
		3B476DEF1F8B58BC00308426 /* Info.plist */ = {isa = PBXFileReference; lastKnownFileType = text.plist.xml; path = Info.plist; sourceTree = "<group>"; };
		3B476DF41F8B58BC00308426 /* ARTrafficUITests.xctest */ = {isa = PBXFileReference; explicitFileType = wrapper.cfbundle; includeInIndex = 0; path = ARTrafficUITests.xctest; sourceTree = BUILT_PRODUCTS_DIR; };
		3B476DF81F8B58BC00308426 /* ARTrafficUITests.m */ = {isa = PBXFileReference; lastKnownFileType = sourcecode.c.objc; path = ARTrafficUITests.m; sourceTree = "<group>"; };
		3B476DFA1F8B58BC00308426 /* Info.plist */ = {isa = PBXFileReference; lastKnownFileType = text.plist.xml; path = Info.plist; sourceTree = "<group>"; };
/* End PBXFileReference section */

/* Begin PBXFrameworksBuildPhase section */
		3B476DCC1F8B58BC00308426 /* Frameworks */ = {
			isa = PBXFrameworksBuildPhase;
			buildActionMask = 2147483647;
			files = (
			);
			runOnlyForDeploymentPostprocessing = 0;
		};
		3B476DE61F8B58BC00308426 /* Frameworks */ = {
			isa = PBXFrameworksBuildPhase;
			buildActionMask = 2147483647;
			files = (
			);
			runOnlyForDeploymentPostprocessing = 0;
		};
		3B476DF11F8B58BC00308426 /* Frameworks */ = {
			isa = PBXFrameworksBuildPhase;
			buildActionMask = 2147483647;
			files = (
			);
			runOnlyForDeploymentPostprocessing = 0;
		};
/* End PBXFrameworksBuildPhase section */

/* Begin PBXGroup section */
		3B476DC61F8B58BC00308426 = {
			isa = PBXGroup;
			children = (
				3B476DD11F8B58BC00308426 /* ARTraffic */,
				3B476DEC1F8B58BC00308426 /* ARTrafficTests */,
				3B476DF71F8B58BC00308426 /* ARTrafficUITests */,
				3B476DD01F8B58BC00308426 /* Products */,
			);
			sourceTree = "<group>";
		};
		3B476DD01F8B58BC00308426 /* Products */ = {
			isa = PBXGroup;
			children = (
				3B476DCF1F8B58BC00308426 /* ARTraffic.app */,
				3B476DE91F8B58BC00308426 /* ARTrafficTests.xctest */,
				3B476DF41F8B58BC00308426 /* ARTrafficUITests.xctest */,
			);
			name = Products;
			sourceTree = "<group>";
		};
		3B476DD11F8B58BC00308426 /* ARTraffic */ = {
			isa = PBXGroup;
			children = (
				3B476DD21F8B58BC00308426 /* AppDelegate.h */,
				3B476DD31F8B58BC00308426 /* AppDelegate.m */,
				3B476DD51F8B58BC00308426 /* art.scnassets */,
				3B476DD71F8B58BC00308426 /* ViewController.h */,
				3B476DD81F8B58BC00308426 /* ViewController.m */,
				3B476DDA1F8B58BC00308426 /* Main.storyboard */,
				3B476DDD1F8B58BC00308426 /* Assets.xcassets */,
				3B476DDF1F8B58BC00308426 /* LaunchScreen.storyboard */,
				3B476DE21F8B58BC00308426 /* Info.plist */,
				3B476DE31F8B58BC00308426 /* main.m */,
			);
			path = ARTraffic;
			sourceTree = "<group>";
		};
		3B476DEC1F8B58BC00308426 /* ARTrafficTests */ = {
			isa = PBXGroup;
			children = (
				3B476DED1F8B58BC00308426 /* ARTrafficTests.m */,
				3B476DEF1F8B58BC00308426 /* Info.plist */,
			);
			path = ARTrafficTests;
			sourceTree = "<group>";
		};
		3B476DF71F8B58BC00308426 /* ARTrafficUITests */ = {
			isa = PBXGroup;
			children = (
				3B476DF81F8B58BC00308426 /* ARTrafficUITests.m */,
				3B476DFA1F8B58BC00308426 /* Info.plist */,
			);
			path = ARTrafficUITests;
			sourceTree = "<group>";
		};
/* End PBXGroup section */

/* Begin PBXNativeTarget section */
		3B476DCE1F8B58BC00308426 /* ARTraffic */ = {
			isa = PBXNativeTarget;
			buildConfigurationList = 3B476DFD1F8B58BC00308426 /* Build configuration list for PBXNativeTarget "ARTraffic" */;
			buildPhases = (
				3B476DCB1F8B58BC00308426 /* Sources */,
				3B476DCC1F8B58BC00308426 /* Frameworks */,
				3B476DCD1F8B58BC00308426 /* Resources */,
			);
			buildRules = (
			);
			dependencies = (
			);
			name = ARTraffic;
			productName = ARTraffic;
			productReference = 3B476DCF1F8B58BC00308426 /* ARTraffic.app */;
			productType = "com.apple.product-type.application";
		};
		3B476DE81F8B58BC00308426 /* ARTrafficTests */ = {
			isa = PBXNativeTarget;
			buildConfigurationList = 3B476E001F8B58BC00308426 /* Build configuration list for PBXNativeTarget "ARTrafficTests" */;
			buildPhases = (
				3B476DE51F8B58BC00308426 /* Sources */,
				3B476DE61F8B58BC00308426 /* Frameworks */,
				3B476DE71F8B58BC00308426 /* Resources */,
			);
			buildRules = (
			);
			dependencies = (
				3B476DEB1F8B58BC00308426 /* PBXTargetDependency */,
			);
			name = ARTrafficTests;
			productName = ARTrafficTests;
			productReference = 3B476DE91F8B58BC00308426 /* ARTrafficTests.xctest */;
			productType = "com.apple.product-type.bundle.unit-test";
		};
		3B476DF31F8B58BC00308426 /* ARTrafficUITests */ = {
			isa = PBXNativeTarget;
			buildConfigurationList = 3B476E031F8B58BC00308426 /* Build configuration list for PBXNativeTarget "ARTrafficUITests" */;
			buildPhases = (
				3B476DF01F8B58BC00308426 /* Sources */,
				3B476DF11F8B58BC00308426 /* Frameworks */,
				3B476DF21F8B58BC00308426 /* Resources */,
			);
			buildRules = (
			);
			dependencies = (
				3B476DF61F8B58BC00308426 /* PBXTargetDependency */,
			);
			name = ARTrafficUITests;
			productName = ARTrafficUITests;
			productReference = 3B476DF41F8B58BC00308426 /* ARTrafficUITests.xctest */;
			productType = "com.apple.product-type.bundle.ui-testing";
		};
/* End PBXNativeTarget section */

/* Begin PBXProject section */
		3B476DC71F8B58BC00308426 /* Project object */ = {
			isa = PBXProject;
			attributes = {
				CLASSPREFIX = Com.Gotovr;
				LastUpgradeCheck = 0900;
				ORGANIZATIONNAME = GOTOVR;
				TargetAttributes = {
					3B476DCE1F8B58BC00308426 = {
						CreatedOnToolsVersion = 9.0;
						ProvisioningStyle = Automatic;
					};
					3B476DE81F8B58BC00308426 = {
						CreatedOnToolsVersion = 9.0;
						ProvisioningStyle = Automatic;
						TestTargetID = 3B476DCE1F8B58BC00308426;
					};
					3B476DF31F8B58BC00308426 = {
						CreatedOnToolsVersion = 9.0;
						ProvisioningStyle = Automatic;
						TestTargetID = 3B476DCE1F8B58BC00308426;
					};
				};
			};
			buildConfigurationList = 3B476DCA1F8B58BC00308426 /* Build configuration list for PBXProject "ARTraffic" */;
			compatibilityVersion = "Xcode 8.0";
			developmentRegion = en;
			hasScannedForEncodings = 0;
			knownRegions = (
				en,
				Base,
			);
			mainGroup = 3B476DC61F8B58BC00308426;
			productRefGroup = 3B476DD01F8B58BC00308426 /* Products */;
			projectDirPath = "";
			projectRoot = "";
			targets = (
				3B476DCE1F8B58BC00308426 /* ARTraffic */,
				3B476DE81F8B58BC00308426 /* ARTrafficTests */,
				3B476DF31F8B58BC00308426 /* ARTrafficUITests */,
			);
		};
/* End PBXProject section */

/* Begin PBXResourcesBuildPhase section */
		3B476DCD1F8B58BC00308426 /* Resources */ = {
			isa = PBXResourcesBuildPhase;
			buildActionMask = 2147483647;
			files = (
				3B476DD61F8B58BC00308426 /* art.scnassets in Resources */,
				3B476DE11F8B58BC00308426 /* LaunchScreen.storyboard in Resources */,
				3B476DDE1F8B58BC00308426 /* Assets.xcassets in Resources */,
				3B476DDC1F8B58BC00308426 /* Main.storyboard in Resources */,
			);
			runOnlyForDeploymentPostprocessing = 0;
		};
		3B476DE71F8B58BC00308426 /* Resources */ = {
			isa = PBXResourcesBuildPhase;
			buildActionMask = 2147483647;
			files = (
			);
			runOnlyForDeploymentPostprocessing = 0;
		};
		3B476DF21F8B58BC00308426 /* Resources */ = {
			isa = PBXResourcesBuildPhase;
			buildActionMask = 2147483647;
			files = (
			);
			runOnlyForDeploymentPostprocessing = 0;
		};
/* End PBXResourcesBuildPhase section */

/* Begin PBXSourcesBuildPhase section */
		3B476DCB1F8B58BC00308426 /* Sources */ = {
			isa = PBXSourcesBuildPhase;
			buildActionMask = 2147483647;
			files = (
				3B476DD91F8B58BC00308426 /* ViewController.m in Sources */,
				3B476DE41F8B58BC00308426 /* main.m in Sources */,
				3B476DD41F8B58BC00308426 /* AppDelegate.m in Sources */,
			);
			runOnlyForDeploymentPostprocessing = 0;
		};
		3B476DE51F8B58BC00308426 /* Sources */ = {
			isa = PBXSourcesBuildPhase;
			buildActionMask = 2147483647;
			files = (
				3B476DEE1F8B58BC00308426 /* ARTrafficTests.m in Sources */,
			);
			runOnlyForDeploymentPostprocessing = 0;
		};
		3B476DF01F8B58BC00308426 /* Sources */ = {
			isa = PBXSourcesBuildPhase;
			buildActionMask = 2147483647;
			files = (
				3B476DF91F8B58BC00308426 /* ARTrafficUITests.m in Sources */,
			);
			runOnlyForDeploymentPostprocessing = 0;
		};
/* End PBXSourcesBuildPhase section */

/* Begin PBXTargetDependency section */
		3B476DEB1F8B58BC00308426 /* PBXTargetDependency */ = {
			isa = PBXTargetDependency;
			target = 3B476DCE1F8B58BC00308426 /* ARTraffic */;
			targetProxy = 3B476DEA1F8B58BC00308426 /* PBXContainerItemProxy */;
		};
		3B476DF61F8B58BC00308426 /* PBXTargetDependency */ = {
			isa = PBXTargetDependency;
			target = 3B476DCE1F8B58BC00308426 /* ARTraffic */;
			targetProxy = 3B476DF51F8B58BC00308426 /* PBXContainerItemProxy */;
		};
/* End PBXTargetDependency section */

/* Begin PBXVariantGroup section */
		3B476DDA1F8B58BC00308426 /* Main.storyboard */ = {
			isa = PBXVariantGroup;
			children = (
				3B476DDB1F8B58BC00308426 /* Base */,
			);
			name = Main.storyboard;
			sourceTree = "<group>";
		};
		3B476DDF1F8B58BC00308426 /* LaunchScreen.storyboard */ = {
			isa = PBXVariantGroup;
			children = (
				3B476DE01F8B58BC00308426 /* Base */,
			);
			name = LaunchScreen.storyboard;
			sourceTree = "<group>";
		};
/* End PBXVariantGroup section */

/* Begin XCBuildConfiguration section */
		3B476DFB1F8B58BC00308426 /* Debug */ = {
			isa = XCBuildConfiguration;
			buildSettings = {
				ALWAYS_SEARCH_USER_PATHS = NO;
				CLANG_ANALYZER_NONNULL = YES;
				CLANG_ANALYZER_NUMBER_OBJECT_CONVERSION = YES_AGGRESSIVE;
				CLANG_CXX_LANGUAGE_STANDARD = "gnu++14";
				CLANG_CXX_LIBRARY = "libc++";
				CLANG_ENABLE_MODULES = YES;
				CLANG_ENABLE_OBJC_ARC = YES;
				CLANG_WARN_BLOCK_CAPTURE_AUTORELEASING = YES;
				CLANG_WARN_BOOL_CONVERSION = YES;
				CLANG_WARN_COMMA = YES;
				CLANG_WARN_CONSTANT_CONVERSION = YES;
				CLANG_WARN_DIRECT_OBJC_ISA_USAGE = YES_ERROR;
				CLANG_WARN_DOCUMENTATION_COMMENTS = YES;
				CLANG_WARN_EMPTY_BODY = YES;
				CLANG_WARN_ENUM_CONVERSION = YES;
				CLANG_WARN_INFINITE_RECURSION = YES;
				CLANG_WARN_INT_CONVERSION = YES;
				CLANG_WARN_NON_LITERAL_NULL_CONVERSION = YES;
				CLANG_WARN_OBJC_LITERAL_CONVERSION = YES;
				CLANG_WARN_OBJC_ROOT_CLASS = YES_ERROR;
				CLANG_WARN_RANGE_LOOP_ANALYSIS = YES;
				CLANG_WARN_STRICT_PROTOTYPES = YES;
				CLANG_WARN_SUSPICIOUS_MOVE = YES;
				CLANG_WARN_UNGUARDED_AVAILABILITY = YES_AGGRESSIVE;
				CLANG_WARN_UNREACHABLE_CODE = YES;
				CLANG_WARN__DUPLICATE_METHOD_MATCH = YES;
				CODE_SIGN_IDENTITY = "iPhone Developer";
				COPY_PHASE_STRIP = NO;
				DEBUG_INFORMATION_FORMAT = dwarf;
				ENABLE_STRICT_OBJC_MSGSEND = YES;
				ENABLE_TESTABILITY = YES;
				GCC_C_LANGUAGE_STANDARD = gnu11;
				GCC_DYNAMIC_NO_PIC = NO;
				GCC_NO_COMMON_BLOCKS = YES;
				GCC_OPTIMIZATION_LEVEL = 0;
				GCC_PREPROCESSOR_DEFINITIONS = (
					"DEBUG=1",
					"$(inherited)",
				);
				GCC_WARN_64_TO_32_BIT_CONVERSION = YES;
				GCC_WARN_ABOUT_RETURN_TYPE = YES_ERROR;
				GCC_WARN_UNDECLARED_SELECTOR = YES;
				GCC_WARN_UNINITIALIZED_AUTOS = YES_AGGRESSIVE;
				GCC_WARN_UNUSED_FUNCTION = YES;
				GCC_WARN_UNUSED_VARIABLE = YES;
				IPHONEOS_DEPLOYMENT_TARGET = 11.0;
				MTL_ENABLE_DEBUG_INFO = YES;
				ONLY_ACTIVE_ARCH = YES;
				SDKROOT = iphoneos;
			};
			name = Debug;
		};
		3B476DFC1F8B58BC00308426 /* Release */ = {
			isa = XCBuildConfiguration;
			buildSettings = {
				ALWAYS_SEARCH_USER_PATHS = NO;
				CLANG_ANALYZER_NONNULL = YES;
				CLANG_ANALYZER_NUMBER_OBJECT_CONVERSION = YES_AGGRESSIVE;
				CLANG_CXX_LANGUAGE_STANDARD = "gnu++14";
				CLANG_CXX_LIBRARY = "libc++";
				CLANG_ENABLE_MODULES = YES;
				CLANG_ENABLE_OBJC_ARC = YES;
				CLANG_WARN_BLOCK_CAPTURE_AUTORELEASING = YES;
				CLANG_WARN_BOOL_CONVERSION = YES;
				CLANG_WARN_COMMA = YES;
				CLANG_WARN_CONSTANT_CONVERSION = YES;
				CLANG_WARN_DIRECT_OBJC_ISA_USAGE = YES_ERROR;
				CLANG_WARN_DOCUMENTATION_COMMENTS = YES;
				CLANG_WARN_EMPTY_BODY = YES;
				CLANG_WARN_ENUM_CONVERSION = YES;
				CLANG_WARN_INFINITE_RECURSION = YES;
				CLANG_WARN_INT_CONVERSION = YES;
				CLANG_WARN_NON_LITERAL_NULL_CONVERSION = YES;
				CLANG_WARN_OBJC_LITERAL_CONVERSION = YES;
				CLANG_WARN_OBJC_ROOT_CLASS = YES_ERROR;
				CLANG_WARN_RANGE_LOOP_ANALYSIS = YES;
				CLANG_WARN_STRICT_PROTOTYPES = YES;
				CLANG_WARN_SUSPICIOUS_MOVE = YES;
				CLANG_WARN_UNGUARDED_AVAILABILITY = YES_AGGRESSIVE;
				CLANG_WARN_UNREACHABLE_CODE = YES;
				CLANG_WARN__DUPLICATE_METHOD_MATCH = YES;
				CODE_SIGN_IDENTITY = "iPhone Developer";
				COPY_PHASE_STRIP = NO;
				DEBUG_INFORMATION_FORMAT = "dwarf-with-dsym";
				ENABLE_NS_ASSERTIONS = NO;
				ENABLE_STRICT_OBJC_MSGSEND = YES;
				GCC_C_LANGUAGE_STANDARD = gnu11;
				GCC_NO_COMMON_BLOCKS = YES;
				GCC_WARN_64_TO_32_BIT_CONVERSION = YES;
				GCC_WARN_ABOUT_RETURN_TYPE = YES_ERROR;
				GCC_WARN_UNDECLARED_SELECTOR = YES;
				GCC_WARN_UNINITIALIZED_AUTOS = YES_AGGRESSIVE;
				GCC_WARN_UNUSED_FUNCTION = YES;
				GCC_WARN_UNUSED_VARIABLE = YES;
				IPHONEOS_DEPLOYMENT_TARGET = 11.0;
				MTL_ENABLE_DEBUG_INFO = NO;
				SDKROOT = iphoneos;
				VALIDATE_PRODUCT = YES;
			};
			name = Release;
		};
		3B476DFE1F8B58BC00308426 /* Debug */ = {
			isa = XCBuildConfiguration;
			buildSettings = {
				ASSETCATALOG_COMPILER_APPICON_NAME = AppIcon;
				CODE_SIGN_STYLE = Automatic;
				DEVELOPMENT_TEAM = EP6TU3D8EB;
				INFOPLIST_FILE = ARTraffic/Info.plist;
				LD_RUNPATH_SEARCH_PATHS = "$(inherited) @executable_path/Frameworks";
				PRODUCT_BUNDLE_IDENTIFIER = com.gotovr.ARTraffic;
				PRODUCT_NAME = "$(TARGET_NAME)";
				TARGETED_DEVICE_FAMILY = "1,2";
			};
			name = Debug;
		};
		3B476DFF1F8B58BC00308426 /* Release */ = {
			isa = XCBuildConfiguration;
			buildSettings = {
				ASSETCATALOG_COMPILER_APPICON_NAME = AppIcon;
				CODE_SIGN_STYLE = Automatic;
				DEVELOPMENT_TEAM = EP6TU3D8EB;
				INFOPLIST_FILE = ARTraffic/Info.plist;
				LD_RUNPATH_SEARCH_PATHS = "$(inherited) @executable_path/Frameworks";
				PRODUCT_BUNDLE_IDENTIFIER = com.gotovr.ARTraffic;
				PRODUCT_NAME = "$(TARGET_NAME)";
				TARGETED_DEVICE_FAMILY = "1,2";
			};
			name = Release;
		};
		3B476E011F8B58BC00308426 /* Debug */ = {
			isa = XCBuildConfiguration;
			buildSettings = {
				BUNDLE_LOADER = "$(TEST_HOST)";
				CODE_SIGN_STYLE = Automatic;
				DEVELOPMENT_TEAM = EP6TU3D8EB;
				INFOPLIST_FILE = ARTrafficTests/Info.plist;
				LD_RUNPATH_SEARCH_PATHS = "$(inherited) @executable_path/Frameworks @loader_path/Frameworks";
				PRODUCT_BUNDLE_IDENTIFIER = com.gotovr.ARTrafficTests;
				PRODUCT_NAME = "$(TARGET_NAME)";
				TARGETED_DEVICE_FAMILY = "1,2";
				TEST_HOST = "$(BUILT_PRODUCTS_DIR)/ARTraffic.app/ARTraffic";
			};
			name = Debug;
		};
		3B476E021F8B58BC00308426 /* Release */ = {
			isa = XCBuildConfiguration;
			buildSettings = {
				BUNDLE_LOADER = "$(TEST_HOST)";
				CODE_SIGN_STYLE = Automatic;
				DEVELOPMENT_TEAM = EP6TU3D8EB;
				INFOPLIST_FILE = ARTrafficTests/Info.plist;
				LD_RUNPATH_SEARCH_PATHS = "$(inherited) @executable_path/Frameworks @loader_path/Frameworks";
				PRODUCT_BUNDLE_IDENTIFIER = com.gotovr.ARTrafficTests;
				PRODUCT_NAME = "$(TARGET_NAME)";
				TARGETED_DEVICE_FAMILY = "1,2";
				TEST_HOST = "$(BUILT_PRODUCTS_DIR)/ARTraffic.app/ARTraffic";
			};
			name = Release;
		};
		3B476E041F8B58BC00308426 /* Debug */ = {
			isa = XCBuildConfiguration;
			buildSettings = {
				CODE_SIGN_STYLE = Automatic;
				DEVELOPMENT_TEAM = EP6TU3D8EB;
				INFOPLIST_FILE = ARTrafficUITests/Info.plist;
				LD_RUNPATH_SEARCH_PATHS = "$(inherited) @executable_path/Frameworks @loader_path/Frameworks";
				PRODUCT_BUNDLE_IDENTIFIER = com.gotovr.ARTrafficUITests;
				PRODUCT_NAME = "$(TARGET_NAME)";
				TARGETED_DEVICE_FAMILY = "1,2";
				TEST_TARGET_NAME = ARTraffic;
			};
			name = Debug;
		};
		3B476E051F8B58BC00308426 /* Release */ = {
			isa = XCBuildConfiguration;
			buildSettings = {
				CODE_SIGN_STYLE = Automatic;
				DEVELOPMENT_TEAM = EP6TU3D8EB;
				INFOPLIST_FILE = ARTrafficUITests/Info.plist;
				LD_RUNPATH_SEARCH_PATHS = "$(inherited) @executable_path/Frameworks @loader_path/Frameworks";
				PRODUCT_BUNDLE_IDENTIFIER = com.gotovr.ARTrafficUITests;
				PRODUCT_NAME = "$(TARGET_NAME)";
				TARGETED_DEVICE_FAMILY = "1,2";
				TEST_TARGET_NAME = ARTraffic;
			};
			name = Release;
		};
/* End XCBuildConfiguration section */

/* Begin XCConfigurationList section */
		3B476DCA1F8B58BC00308426 /* Build configuration list for PBXProject "ARTraffic" */ = {
			isa = XCConfigurationList;
			buildConfigurations = (
				3B476DFB1F8B58BC00308426 /* Debug */,
				3B476DFC1F8B58BC00308426 /* Release */,
			);
			defaultConfigurationIsVisible = 0;
			defaultConfigurationName = Release;
		};
		3B476DFD1F8B58BC00308426 /* Build configuration list for PBXNativeTarget "ARTraffic" */ = {
			isa = XCConfigurationList;
			buildConfigurations = (
				3B476DFE1F8B58BC00308426 /* Debug */,
				3B476DFF1F8B58BC00308426 /* Release */,
			);
			defaultConfigurationIsVisible = 0;
			defaultConfigurationName = Release;
		};
		3B476E001F8B58BC00308426 /* Build configuration list for PBXNativeTarget "ARTrafficTests" */ = {
			isa = XCConfigurationList;
			buildConfigurations = (
				3B476E011F8B58BC00308426 /* Debug */,
				3B476E021F8B58BC00308426 /* Release */,
			);
			defaultConfigurationIsVisible = 0;
			defaultConfigurationName = Release;
		};
		3B476E031F8B58BC00308426 /* Build configuration list for PBXNativeTarget "ARTrafficUITests" */ = {
			isa = XCConfigurationList;
			buildConfigurations = (
				3B476E041F8B58BC00308426 /* Debug */,
				3B476E051F8B58BC00308426 /* Release */,
			);
			defaultConfigurationIsVisible = 0;
			defaultConfigurationName = Release;
		};
/* End XCConfigurationList section */
	};
	rootObject = 3B476DC71F8B58BC00308426 /* Project object */;
}
